
Microsoft Visual Studio Solution File, Format Version 12.00
# Visual Studio Version 16
VisualStudioVersion = 16.0.29411.108
MinimumVisualStudioVersion = 10.0.40219.1
Project("{FAE04EC0-301F-11D3-BF4B-00C04F79EFBC}") = "Choquevn", "Choquevn\Choquevn.csproj", "{0BDD6E01-9784-4477-8654-4935968E822F}"
EndProject
Project("{FAE04EC0-301F-11D3-BF4B-00C04F79EFBC}") = "Models", "Models\Models.csproj", "{893F23E9-F5EA-42C7-9FC8-836839D9C2AF}"
EndProject
Global
	GlobalSection(SolutionConfigurationPlatforms) = preSolution
		Debug|Any CPU = Debug|Any CPU
		Release|Any CPU = Release|Any CPU
	EndGlobalSection
	GlobalSection(ProjectConfigurationPlatforms) = postSolution
		{0BDD6E01-9784-4477-8654-4935968E822F}.Debug|Any CPU.ActiveCfg = Debug|Any CPU
		{0BDD6E01-9784-4477-8654-4935968E822F}.Debug|Any CPU.Build.0 = Debug|Any CPU
		{0BDD6E01-9784-4477-8654-4935968E822F}.Release|Any CPU.ActiveCfg = Release|Any CPU
		{0BDD6E01-9784-4477-8654-4935968E822F}.Release|Any CPU.Build.0 = Release|Any CPU
		{893F23E9-F5EA-42C7-9FC8-836839D9C2AF}.Debug|Any CPU.ActiveCfg = Debug|Any CPU
		{893F23E9-F5EA-42C7-9FC8-836839D9C2AF}.Debug|Any CPU.Build.0 = Debug|Any CPU
		{893F23E9-F5EA-42C7-9FC8-836839D9C2AF}.Release|Any CPU.ActiveCfg = Release|Any CPU
		{893F23E9-F5EA-42C7-9FC8-836839D9C2AF}.Release|Any CPU.Build.0 = Release|Any CPU
	EndGlobalSection
	GlobalSection(SolutionProperties) = preSolution
		HideSolutionNode = FALSE
	EndGlobalSection
	GlobalSection(ExtensibilityGlobals) = postSolution
		SolutionGuid = {795C9C7E-1085-4B95-A34C-1615DF4782DF}
	EndGlobalSection
EndGlobal
